
Microsoft Visual Studio Solution File, Format Version 12.00
# Visual Studio 15
VisualStudioVersion = 15.0.27130.2010
MinimumVisualStudioVersion = 10.0.40219.1
Project("{FAE04EC0-301F-11D3-BF4B-00C04F79EFBC}") = "BaseClassCoupling", "BaseClassCoupling\BaseClassCoupling.csproj", "{38080B19-9E1A-4739-971A-463921F69995}"
EndProject
Global
	GlobalSection(SolutionConfigurationPlatforms) = preSolution
		Debug|Any CPU = Debug|Any CPU
		Release|Any CPU = Release|Any CPU
	EndGlobalSection
	GlobalSection(ProjectConfigurationPlatforms) = postSolution
		{38080B19-9E1A-4739-971A-463921F69995}.Debug|Any CPU.ActiveCfg = Debug|Any CPU
		{38080B19-9E1A-4739-971A-463921F69995}.Debug|Any CPU.Build.0 = Debug|Any CPU
		{38080B19-9E1A-4739-971A-463921F69995}.Release|Any CPU.ActiveCfg = Release|Any CPU
		{38080B19-9E1A-4739-971A-463921F69995}.Release|Any CPU.Build.0 = Release|Any CPU
	EndGlobalSection
	GlobalSection(SolutionProperties) = preSolution
		HideSolutionNode = FALSE
	EndGlobalSection
	GlobalSection(ExtensibilityGlobals) = postSolution
		SolutionGuid = {089530AF-7093-49BF-A3DD-E77FA2B6CBCB}
	EndGlobalSection
EndGlobal
